{
	"name": "quokka_or_not",
	"version": "1.0.0",
	"lockfileVersion": 2,
	"requires": true,
	"packages": {
		"": {
			"name": "quokka_or_not",
			"version": "1.0.0",
			"dependencies": {
				"@anzp/azure-function-multipart": "^3.0.0",
				"@azure/cognitiveservices-customvision-prediction": "^5.1.2",
				"@azure/ms-rest-js": "^2.6.6",
				"@sendgrid/mail": "^7.7.0",
				"dotenv": "^16.0.1",
				"file-system": "^2.2.2",
				"querystring": "^0.2.1",
				"twilio": "^3.77.2"
			},
			"engines": {
				"node": "16.x"
			}
		},
		"node_modules/@anzp/azure-function-multipart": {
			"version": "3.0.0",
			"resolved": "https://registry.npmjs.org/@anzp/azure-function-multipart/-/azure-function-multipart-3.0.0.tgz",
			"integrity": "sha512-8FuwwkAYAFq/T5L5sBPAE+3Cr1IkEhJpVsgAmufH0zOF3e30z6Sl+NjbVDD08YkcuMhGOqcffKMatseayPJAsg==",
			"dependencies": {
				"@azure/functions": "^3.0.0",
				"@types/busboy": "^1.3.0",
				"@types/node": "^17.0.0",
				"busboy": "^1.6.0"
			}
		},
		"node_modules/@azure/abort-controller": {
			"version": "1.1.0",
			"resolved": "https://registry.npmjs.org/@azure/abort-controller/-/abort-controller-1.1.0.tgz",
			"integrity": "sha512-TrRLIoSQVzfAJX9H1JeFjzAoDGcoK1IYX1UImfceTZpsyYfWr09Ss1aHW1y5TrrR3iq6RZLBwJ3E24uwPhwahw==",
			"dependencies": {
				"tslib": "^2.2.0"
			},
			"engines": {
				"node": ">=12.0.0"
			}
		},
		"node_modules/@azure/abort-controller/node_modules/tslib": {
			"version": "2.4.0",
			"resolved": "https://registry.npmjs.org/tslib/-/tslib-2.4.0.tgz",
			"integrity": "sha512-d6xOpEDfsi2CZVlPQzGeux8XMwLT9hssAsaPYExaQMuYskwb+x1x7J371tWlbBdWHroy99KnVB6qIkUbs5X3UQ=="
		},
		"node_modules/@azure/cognitiveservices-customvision-prediction": {
			"version": "5.1.2",
			"resolved": "https://registry.npmjs.org/@azure/cognitiveservices-customvision-prediction/-/cognitiveservices-customvision-prediction-5.1.2.tgz",
			"integrity": "sha512-Uwl+P82bW1q4kucBLtRxWk8qydEX5k139YSgx1rusqVdj2Z1AqByUsbKOcj1Nit+xj622QQOIdth785cEmgTog==",
			"dependencies": {
				"@azure/ms-rest-js": "^2.0.4",
				"tslib": "^1.10.0"
			}
		},
		"node_modules/@azure/core-auth": {
			"version": "1.3.2",
			"resolved": "https://registry.npmjs.org/@azure/core-auth/-/core-auth-1.3.2.tgz",
			"integrity": "sha512-7CU6DmCHIZp5ZPiZ9r3J17lTKMmYsm/zGvNkjArQwPkrLlZ1TZ+EUYfGgh2X31OLMVAQCTJZW4cXHJi02EbJnA==",
			"dependencies": {
				"@azure/abort-controller": "^1.0.0",
				"tslib": "^2.2.0"
			},
			"engines": {
				"node": ">=12.0.0"
			}
		},
		"node_modules/@azure/core-auth/node_modules/tslib": {
			"version": "2.4.0",
			"resolved": "https://registry.npmjs.org/tslib/-/tslib-2.4.0.tgz",
			"integrity": "sha512-d6xOpEDfsi2CZVlPQzGeux8XMwLT9hssAsaPYExaQMuYskwb+x1x7J371tWlbBdWHroy99KnVB6qIkUbs5X3UQ=="
		},
		"node_modules/@azure/functions": {
			"version": "3.2.0",
			"resolved": "https://registry.npmjs.org/@azure/functions/-/functions-3.2.0.tgz",
			"integrity": "sha512-HbE7iORnYcjLzKNf5mIQRJQDTsVxhoXHRWEZ6KWdGh4e7+F9xTloiBicavbSoVmlAYivenIVpryHanVwsQaHUw=="
		},
		"node_modules/@azure/ms-rest-js": {
			"version": "2.6.6",
			"resolved": "https://registry.npmjs.org/@azure/ms-rest-js/-/ms-rest-js-2.6.6.tgz",
			"integrity": "sha512-WYIda8VvrkZE68xHgOxUXvjThxNf1nnGPPe0rAljqK5HJHIZ12Pi3YhEDOn3Ge7UnwaaM3eFO0VtAy4nGVI27Q==",
			"dependencies": {
				"@azure/core-auth": "^1.1.4",
				"abort-controller": "^3.0.0",
				"form-data": "^2.5.0",
				"node-fetch": "^2.6.7",
				"tough-cookie": "^3.0.1",
				"tslib": "^1.10.0",
				"tunnel": "0.0.6",
				"uuid": "^8.3.2",
				"xml2js": "^0.5.0"
			}
		},
		"node_modules/@azure/ms-rest-js/node_modules/xml2js": {
			"version": "0.5.0",
			"resolved": "https://registry.npmjs.org/xml2js/-/xml2js-0.5.0.tgz",
			"integrity": "sha512-drPFnkQJik/O+uPKpqSgr22mpuFHqKdbS835iAQrUC73L2F5WkboIRd63ai/2Yg6I1jzifPFKH2NTK+cfglkIA==",
			"dependencies": {
				"sax": ">=0.6.0",
				"xmlbuilder": "~11.0.0"
			},
			"engines": {
				"node": ">=4.0.0"
			}
		},
		"node_modules/@azure/ms-rest-js/node_modules/xmlbuilder": {
			"version": "11.0.1",
			"resolved": "https://registry.npmjs.org/xmlbuilder/-/xmlbuilder-11.0.1.tgz",
			"integrity": "sha512-fDlsI/kFEx7gLvbecc0/ohLG50fugQp8ryHzMTuW9vSa1GJ0XYWKnhsUx7oie3G98+r56aTQIUB4kht42R3JvA==",
			"engines": {
				"node": ">=4.0"
			}
		},
		"node_modules/@sendgrid/client": {
			"version": "7.7.0",
			"resolved": "https://registry.npmjs.org/@sendgrid/client/-/client-7.7.0.tgz",
			"integrity": "sha512-SxH+y8jeAQSnDavrTD0uGDXYIIkFylCo+eDofVmZLQ0f862nnqbC3Vd1ej6b7Le7lboyzQF6F7Fodv02rYspuA==",
			"dependencies": {
				"@sendgrid/helpers": "^7.7.0",
				"axios": "^0.26.0"
			},
			"engines": {
				"node": "6.* || 8.* || >=10.*"
			}
		},
		"node_modules/@sendgrid/helpers": {
			"version": "7.7.0",
			"resolved": "https://registry.npmjs.org/@sendgrid/helpers/-/helpers-7.7.0.tgz",
			"integrity": "sha512-3AsAxfN3GDBcXoZ/y1mzAAbKzTtUZ5+ZrHOmWQ279AuaFXUNCh9bPnRpN504bgveTqoW+11IzPg3I0WVgDINpw==",
			"dependencies": {
				"deepmerge": "^4.2.2"
			},
			"engines": {
				"node": ">= 6.0.0"
			}
		},
		"node_modules/@sendgrid/mail": {
			"version": "7.7.0",
			"resolved": "https://registry.npmjs.org/@sendgrid/mail/-/mail-7.7.0.tgz",
			"integrity": "sha512-5+nApPE9wINBvHSUxwOxkkQqM/IAAaBYoP9hw7WwgDNQPxraruVqHizeTitVtKGiqWCKm2mnjh4XGN3fvFLqaw==",
			"dependencies": {
				"@sendgrid/client": "^7.7.0",
				"@sendgrid/helpers": "^7.7.0"
			},
			"engines": {
				"node": "6.* || 8.* || >=10.*"
			}
		},
		"node_modules/@types/busboy": {
			"version": "1.5.0",
			"resolved": "https://registry.npmjs.org/@types/busboy/-/busboy-1.5.0.tgz",
			"integrity": "sha512-ncOOhwmyFDW76c/Tuvv9MA9VGYUCn8blzyWmzYELcNGDb0WXWLSmFi7hJq25YdRBYJrmMBB5jZZwUjlJe9HCjQ==",
			"dependencies": {
				"@types/node": "*"
			}
		},
		"node_modules/@types/node": {
			"version": "17.0.45",
			"resolved": "https://registry.npmjs.org/@types/node/-/node-17.0.45.tgz",
			"integrity": "sha512-w+tIMs3rq2afQdsPJlODhoUEKzFP1ayaoyl1CcnwtIlsVe7K7bA1NGm4s3PraqTLlXnbIN84zuBlxBWo1u9BLw=="
		},
		"node_modules/abort-controller": {
			"version": "3.0.0",
			"resolved": "https://registry.npmjs.org/abort-controller/-/abort-controller-3.0.0.tgz",
			"integrity": "sha512-h8lQ8tacZYnR3vNQTgibj+tODHI5/+l06Au2Pcriv/Gmet0eaj4TwWH41sO9wnHDiQsEj19q0drzdWdeAHtweg==",
			"dependencies": {
				"event-target-shim": "^5.0.0"
			},
			"engines": {
				"node": ">=6.5"
			}
		},
		"node_modules/agent-base": {
			"version": "6.0.2",
			"resolved": "https://registry.npmjs.org/agent-base/-/agent-base-6.0.2.tgz",
			"integrity": "sha512-RZNwNclF7+MS/8bDg70amg32dyeZGZxiDuQmZxKLAlQjr3jGyLx+4Kkk58UO7D2QdgFIQCovuSuZESne6RG6XQ==",
			"dependencies": {
				"debug": "4"
			},
			"engines": {
				"node": ">= 6.0.0"
			}
		},
		"node_modules/asap": {
			"version": "2.0.6",
			"resolved": "https://registry.npmjs.org/asap/-/asap-2.0.6.tgz",
			"integrity": "sha1-5QNHYR1+aQlDIIu9r+vLwvuGbUY= sha512-BSHWgDSAiKs50o2Re8ppvp3seVHXSRM44cdSsT9FfNEUUZLOGWVCsiWaRPWM1Znn+mqZ1OfVZ3z3DWEzSp7hRA=="
		},
		"node_modules/asynckit": {
			"version": "0.4.0",
			"resolved": "https://registry.npmjs.org/asynckit/-/asynckit-0.4.0.tgz",
			"integrity": "sha1-x57Zf380y48robyXkLzDZkdLS3k= sha512-Oei9OH4tRh0YqU3GxhX79dM/mwVgvbZJaSNaRk+bshkj0S5cfHcgYakreBjrHwatXKbz+IoIdYLxrKim2MjW0Q=="
		},
		"node_modules/axios": {
			"version": "0.26.1",
			"resolved": "https://registry.npmjs.org/axios/-/axios-0.26.1.tgz",
			"integrity": "sha512-fPwcX4EvnSHuInCMItEhAGnaSEXRBjtzh9fOtsE6E1G6p7vl7edEeZe11QHf18+6+9gR5PbKV/sGKNaD8YaMeA==",
			"dependencies": {
				"follow-redirects": "^1.14.8"
			}
		},
		"node_modules/buffer-equal-constant-time": {
			"version": "1.0.1",
			"resolved": "https://registry.npmjs.org/buffer-equal-constant-time/-/buffer-equal-constant-time-1.0.1.tgz",
			"integrity": "sha1-+OcRMvf/5uAaXJaXpMbz5I1cyBk= sha512-zRpUiDwd/xk6ADqPMATG8vc9VPrkck7T07OIx0gnjmJAnHnTVXNQG3vfvWNuiZIkwu9KrKdA1iJKfsfTVxE6NA=="
		},
		"node_modules/busboy": {
			"version": "1.6.0",
			"resolved": "https://registry.npmjs.org/busboy/-/busboy-1.6.0.tgz",
			"integrity": "sha512-8SFQbg/0hQ9xy3UNTB0YEnsNBbWfhf7RtnzpL7TkBiTBRfrQ9Fxcnz7VJsleJpyp6rVLvXiuORqjlHi5q+PYuA==",
			"dependencies": {
				"streamsearch": "^1.1.0"
			},
			"engines": {
				"node": ">=10.16.0"
			}
		},
		"node_modules/combined-stream": {
			"version": "1.0.8",
			"resolved": "https://registry.npmjs.org/combined-stream/-/combined-stream-1.0.8.tgz",
			"integrity": "sha512-FQN4MRfuJeHf7cBbBMJFXhKSDq+2kAArBlmRBvcvFE5BB1HZKXtSFASDhdlz9zOYwxh8lDdnvmMOe/+5cdoEdg==",
			"dependencies": {
				"delayed-stream": "~1.0.0"
			},
			"engines": {
				"node": ">= 0.8"
			}
		},
		"node_modules/dayjs": {
			"version": "1.9.1",
			"resolved": "https://registry.npmjs.org/dayjs/-/dayjs-1.9.1.tgz",
			"integrity": "sha512-01NCTBg8cuMJG1OQc6PR7T66+AFYiPwgDvdJmvJBn29NGzIG+DIFxPLNjHzwz3cpFIvG+NcwIjP9hSaPVoOaDg=="
		},
		"node_modules/debug": {
			"version": "4.3.4",
			"resolved": "https://registry.npmjs.org/debug/-/debug-4.3.4.tgz",
			"integrity": "sha512-PRWFHuSU3eDtQJPvnNY7Jcket1j0t5OuOsFzPPzsekD52Zl8qUfFIPEiswXqIvHWGVHOgX+7G/vCNNhehwxfkQ==",
			"dependencies": {
				"ms": "2.1.2"
			},
			"engines": {
				"node": ">=6.0"
			},
			"peerDependenciesMeta": {
				"supports-color": {
					"optional": true
				}
			}
		},
		"node_modules/deepmerge": {
			"version": "4.2.2",
			"resolved": "https://registry.npmjs.org/deepmerge/-/deepmerge-4.2.2.tgz",
			"integrity": "sha512-FJ3UgI4gIl+PHZm53knsuSFpE+nESMr7M4v9QcgB7S63Kj/6WqMiFQJpBBYz1Pt+66bZpP3Q7Lye0Oo9MPKEdg==",
			"engines": {
				"node": ">=0.10.0"
			}
		},
		"node_modules/delayed-stream": {
			"version": "1.0.0",
			"resolved": "https://registry.npmjs.org/delayed-stream/-/delayed-stream-1.0.0.tgz",
			"integrity": "sha1-3zrhmayt+31ECqrgsp4icrJOxhk= sha512-ZySD7Nf91aLB0RxL4KGrKHBXl7Eds1DAmEdcoVawXnLD7SDhpNgtuII2aAkg7a7QS41jxPSZ17p4VdGnMHk3MQ==",
			"engines": {
				"node": ">=0.4.0"
			}
		},
		"node_modules/dotenv": {
			"version": "16.0.1",
			"resolved": "https://registry.npmjs.org/dotenv/-/dotenv-16.0.1.tgz",
			"integrity": "sha512-1K6hR6wtk2FviQ4kEiSjFiH5rpzEVi8WW0x96aztHVMhEspNpc4DVOUTEHtEva5VThQ8IaBX1Pe4gSzpVVUsKQ==",
			"engines": {
				"node": ">=12"
			}
		},
		"node_modules/ecdsa-sig-formatter": {
			"version": "1.0.11",
			"resolved": "https://registry.npmjs.org/ecdsa-sig-formatter/-/ecdsa-sig-formatter-1.0.11.tgz",
			"integrity": "sha512-nagl3RYrbNv6kQkeJIpt6NJZy8twLB/2vtz6yN9Z4vRKHN4/QZJIEbqohALSgwKdnksuY3k5Addp5lg8sVoVcQ==",
			"dependencies": {
				"safe-buffer": "^5.0.1"
			}
		},
		"node_modules/event-target-shim": {
			"version": "5.0.1",
			"resolved": "https://registry.npmjs.org/event-target-shim/-/event-target-shim-5.0.1.tgz",
			"integrity": "sha512-i/2XbnSz/uxRCU6+NdVJgKWDTM427+MqYbkQzD321DuCQJUqOuJKIA0IM2+W2xtYHdKOmZ4dR6fExsd4SXL+WQ==",
			"engines": {
				"node": ">=6"
			}
		},
		"node_modules/file-match": {
			"version": "1.0.2",
			"resolved": "https://registry.npmjs.org/file-match/-/file-match-1.0.2.tgz",
			"integrity": "sha1-ycrSZdLIrfOoFHWw30dYWQafrvc= sha512-g9p6bZV3HlSUM35QPvFWiP/PckDVe5jLPDhx6PfMuy06o+htesJTyDu7zRdXnOm3BY8pXmxb+QY5qIcsoWMGNg==",
			"dependencies": {
				"utils-extend": "^1.0.6"
			}
		},
		"node_modules/file-system": {
			"version": "2.2.2",
			"resolved": "https://registry.npmjs.org/file-system/-/file-system-2.2.2.tgz",
			"integrity": "sha1-fWWDPjojR9zZVqgTxncVPtPt2Yc= sha512-YgbXEVCu21CfmoeJ1rFLVLPGhW9o7iCzVFqk7ydy2TxF7rXH2YB68CFgDXLOvTD2pMLtg8paVqurzVjxGRdYmw==",
			"dependencies": {
				"file-match": "^1.0.1",
				"utils-extend": "^1.0.4"
			}
		},
		"node_modules/follow-redirects": {
			"version": "1.15.1",
			"resolved": "https://registry.npmjs.org/follow-redirects/-/follow-redirects-1.15.1.tgz",
			"integrity": "sha512-yLAMQs+k0b2m7cVxpS1VKJVvoz7SS9Td1zss3XRwXj+ZDH00RJgnuLx7E44wx02kQLrdM3aOOy+FpzS7+8OizA==",
			"funding": [
				{
					"type": "individual",
					"url": "https://github.com/sponsors/RubenVerborgh"
				}
			],
			"engines": {
				"node": ">=4.0"
			},
			"peerDependenciesMeta": {
				"debug": {
					"optional": true
				}
			}
		},
		"node_modules/form-data": {
			"version": "2.5.1",
			"resolved": "https://registry.npmjs.org/form-data/-/form-data-2.5.1.tgz",
			"integrity": "sha512-m21N3WOmEEURgk6B9GLOE4RuWOFf28Lhh9qGYeNlGq4VDXUlJy2th2slBNU8Gp8EzloYZOibZJ7t5ecIrFSjVA==",
			"dependencies": {
				"asynckit": "^0.4.0",
				"combined-stream": "^1.0.6",
				"mime-types": "^2.1.12"
			},
			"engines": {
				"node": ">= 0.12"
			}
		},
		"node_modules/https-proxy-agent": {
			"version": "5.0.1",
			"resolved": "https://registry.npmjs.org/https-proxy-agent/-/https-proxy-agent-5.0.1.tgz",
			"integrity": "sha512-dFcAjpTQFgoLMzC2VwU+C/CbS7uRL0lWmxDITmqm7C+7F0Odmj6s9l6alZc6AELXhrnggM2CeWSXHGOdX2YtwA==",
			"dependencies": {
				"agent-base": "6",
				"debug": "4"
			},
			"engines": {
				"node": ">= 6"
			}
		},
		"node_modules/ip-regex": {
			"version": "2.1.0",
			"resolved": "https://registry.npmjs.org/ip-regex/-/ip-regex-2.1.0.tgz",
			"integrity": "sha1-+ni/XS5pE8kRzp+BnuUUa7bYROk= sha512-58yWmlHpp7VYfcdTwMTvwMmqx/Elfxjd9RXTDyMsbL7lLWmhMylLEqiYVLKuLzOZqVgiWXD9MfR62Vv89VRxkw==",
			"engines": {
				"node": ">=4"
			}
		},
		"node_modules/jsonwebtoken": {
			"version": "8.5.1",
			"resolved": "https://registry.npmjs.org/jsonwebtoken/-/jsonwebtoken-8.5.1.tgz",
			"integrity": "sha512-XjwVfRS6jTMsqYs0EsuJ4LGxXV14zQybNd4L2r0UvbVnSF9Af8x7p5MzbJ90Ioz/9TI41/hTCvznF/loiSzn8w==",
			"dependencies": {
				"jws": "^3.2.2",
				"lodash.includes": "^4.3.0",
				"lodash.isboolean": "^3.0.3",
				"lodash.isinteger": "^4.0.4",
				"lodash.isnumber": "^3.0.3",
				"lodash.isplainobject": "^4.0.6",
				"lodash.isstring": "^4.0.1",
				"lodash.once": "^4.0.0",
				"ms": "^2.1.1",
				"semver": "^5.6.0"
			},
			"engines": {
				"node": ">=4",
				"npm": ">=1.4.28"
			}
		},
		"node_modules/jwa": {
			"version": "1.4.1",
			"resolved": "https://registry.npmjs.org/jwa/-/jwa-1.4.1.tgz",
			"integrity": "sha512-qiLX/xhEEFKUAJ6FiBMbes3w9ATzyk5W7Hvzpa/SLYdxNtng+gcurvrI7TbACjIXlsJyr05/S1oUhZrc63evQA==",
			"dependencies": {
				"buffer-equal-constant-time": "1.0.1",
				"ecdsa-sig-formatter": "1.0.11",
				"safe-buffer": "^5.0.1"
			}
		},
		"node_modules/jws": {
			"version": "3.2.2",
			"resolved": "https://registry.npmjs.org/jws/-/jws-3.2.2.tgz",
			"integrity": "sha512-YHlZCB6lMTllWDtSPHz/ZXTsi8S00usEV6v1tjq8tOUZzw7DpSDWVXjXDre6ed1w/pd495ODpHZYSdkRTsa0HA==",
			"dependencies": {
				"jwa": "^1.4.1",
				"safe-buffer": "^5.0.1"
			}
		},
		"node_modules/lodash": {
			"version": "4.17.21",
			"resolved": "https://registry.npmjs.org/lodash/-/lodash-4.17.21.tgz",
			"integrity": "sha512-v2kDEe57lecTulaDIuNTPy3Ry4gLGJ6Z1O3vE1krgXZNrsQ+LFTGHVxVjcXPs17LhbZVGedAJv8XZ1tvj5FvSg=="
		},
		"node_modules/lodash.includes": {
			"version": "4.3.0",
			"resolved": "https://registry.npmjs.org/lodash.includes/-/lodash.includes-4.3.0.tgz",
			"integrity": "sha1-YLuYqHy5I8aMoeUTJUgzFISfVT8= sha512-W3Bx6mdkRTGtlJISOvVD/lbqjTlPPUDTMnlXZFnVwi9NKJ6tiAk6LVdlhZMm17VZisqhKcgzpO5Wz91PCt5b0w=="
		},
		"node_modules/lodash.isboolean": {
			"version": "3.0.3",
			"resolved": "https://registry.npmjs.org/lodash.isboolean/-/lodash.isboolean-3.0.3.tgz",
			"integrity": "sha1-bC4XHbKiV82WgC/UOwGyDV9YcPY= sha512-Bz5mupy2SVbPHURB98VAcw+aHh4vRV5IPNhILUCsOzRmsTmSQ17jIuqopAentWoehktxGd9e/hbIXq980/1QJg=="
		},
		"node_modules/lodash.isinteger": {
			"version": "4.0.4",
			"resolved": "https://registry.npmjs.org/lodash.isinteger/-/lodash.isinteger-4.0.4.tgz",
			"integrity": "sha1-YZwK89A/iwTDH1iChAt3sRzWg0M= sha512-DBwtEWN2caHQ9/imiNeEA5ys1JoRtRfY3d7V9wkqtbycnAmTvRRmbHKDV4a0EYc678/dia0jrte4tjYwVBaZUA=="
		},
		"node_modules/lodash.isnumber": {
			"version": "3.0.3",
			"resolved": "https://registry.npmjs.org/lodash.isnumber/-/lodash.isnumber-3.0.3.tgz",
			"integrity": "sha1-POdoEMWSjQM1IwGsKHMX8RwLH/w= sha512-QYqzpfwO3/CWf3XP+Z+tkQsfaLL/EnUlXWVkIk5FUPc4sBdTehEqZONuyRt2P67PXAk+NXmTBcc97zw9t1FQrw=="
		},
		"node_modules/lodash.isplainobject": {
			"version": "4.0.6",
			"resolved": "https://registry.npmjs.org/lodash.isplainobject/-/lodash.isplainobject-4.0.6.tgz",
			"integrity": "sha1-fFJqUtibRcRcxpC4gWO+BJf1UMs= sha512-oSXzaWypCMHkPC3NvBEaPHf0KsA5mvPrOPgQWDsbg8n7orZ290M0BmC/jgRZ4vcJ6DTAhjrsSYgdsW/F+MFOBA=="
		},
		"node_modules/lodash.isstring": {
			"version": "4.0.1",
			"resolved": "https://registry.npmjs.org/lodash.isstring/-/lodash.isstring-4.0.1.tgz",
			"integrity": "sha1-1SfftUVuynzJu5XV2ur4i6VKVFE= sha512-0wJxfxH1wgO3GrbuP+dTTk7op+6L41QCXbGINEmD+ny/G/eCqGzxyCsh7159S+mgDDcoarnBw6PC1PS5+wUGgw=="
		},
		"node_modules/lodash.once": {
			"version": "4.1.1",
			"resolved": "https://registry.npmjs.org/lodash.once/-/lodash.once-4.1.1.tgz",
			"integrity": "sha1-DdOXEhPHxW34gJd9UEyI+0cal6w= sha512-Sb487aTOCr9drQVL8pIxOzVhafOjZN9UU54hiN8PU3uAiSV7lx1yYNpbNmex2PK6dSJoNTSJUUswT651yww3Mg=="
		},
		"node_modules/mime-db": {
			"version": "1.44.0",
			"resolved": "https://registry.npmjs.org/mime-db/-/mime-db-1.44.0.tgz",
			"integrity": "sha512-/NOTfLrsPBVeH7YtFPgsVWveuL+4SjjYxaQ1xtM1KMFj7HdxlBlxeyNLzhyJVx7r4rZGJAZ/6lkKCitSc/Nmpg==",
			"engines": {
				"node": ">= 0.6"
			}
		},
		"node_modules/mime-types": {
			"version": "2.1.27",
			"resolved": "https://registry.npmjs.org/mime-types/-/mime-types-2.1.27.tgz",
			"integrity": "sha512-JIhqnCasI9yD+SsmkquHBxTSEuZdQX5BuQnS2Vc7puQQQ+8yiP5AY5uWhpdv4YL4VM5c6iliiYWPgJ/nJQLp7w==",
			"dependencies": {
				"mime-db": "1.44.0"
			},
			"engines": {
				"node": ">= 0.6"
			}
		},
		"node_modules/ms": {
			"version": "2.1.2",
			"resolved": "https://registry.npmjs.org/ms/-/ms-2.1.2.tgz",
			"integrity": "sha512-sGkPx+VjMtmA6MX27oA4FBFELFCZZ4S4XqeGOXCv68tT+jb3vk/RyaKWP0PTKyWtmLSM0b+adUTEvbs1PEaH2w=="
		},
		"node_modules/node-fetch": {
			"version": "2.6.7",
			"resolved": "https://registry.npmjs.org/node-fetch/-/node-fetch-2.6.7.tgz",
			"integrity": "sha512-ZjMPFEfVx5j+y2yF35Kzx5sF7kDzxuDj6ziH4FFbOp87zKDZNx8yExJIb05OGF4Nlt9IHFIMBkRl41VdvcNdbQ==",
			"dependencies": {
				"whatwg-url": "^5.0.0"
			},
			"engines": {
				"node": "4.x || >=6.0.0"
			},
			"peerDependencies": {
				"encoding": "^0.1.0"
			},
			"peerDependenciesMeta": {
				"encoding": {
					"optional": true
				}
			}
		},
		"node_modules/pop-iterate": {
			"version": "1.0.1",
			"resolved": "https://registry.npmjs.org/pop-iterate/-/pop-iterate-1.0.1.tgz",
			"integrity": "sha1-zqz9q0q/NT16DyqqLB/Hs/lBO6M= sha512-HRCx4+KJE30JhX84wBN4+vja9bNfysxg1y28l0DuJmkoaICiv2ZSilKddbS48pq50P8d2erAhqDLbp47yv3MbQ=="
		},
		"node_modules/psl": {
			"version": "1.8.0",
			"resolved": "https://registry.npmjs.org/psl/-/psl-1.8.0.tgz",
			"integrity": "sha512-RIdOzyoavK+hA18OGGWDqUTsCLhtA7IcZ/6NCs4fFJaHBDab+pDDmDIByWFRQJq2Cd7r1OoQxBGKOaztq+hjIQ=="
		},
		"node_modules/punycode": {
			"version": "2.1.1",
			"resolved": "https://registry.npmjs.org/punycode/-/punycode-2.1.1.tgz",
			"integrity": "sha512-XRsRjdf+j5ml+y/6GKHPZbrF/8p2Yga0JPtdqTIY2Xe5ohJPD9saDJJLPvp9+NSBprVvevdXZybnj2cv8OEd0A==",
			"engines": {
				"node": ">=6"
			}
		},
		"node_modules/q": {
			"version": "2.0.3",
			"resolved": "https://registry.npmjs.org/q/-/q-2.0.3.tgz",
			"integrity": "sha1-dbjbAlWhpa+C9Yw/Oqoe/sfQ0TQ= sha512-gv6vLGcmAOg96/fgo3d9tvA4dJNZL3fMyBqVRrGxQ+Q/o4k9QzbJ3NQF9cOO/71wRodoXhaPgphvMFU68qVAJQ==",
			"dependencies": {
				"asap": "^2.0.0",
				"pop-iterate": "^1.0.1",
				"weak-map": "^1.0.5"
			}
		},
		"node_modules/qs": {
			"version": "6.9.4",
			"resolved": "https://registry.npmjs.org/qs/-/qs-6.9.4.tgz",
			"integrity": "sha512-A1kFqHekCTM7cz0udomYUoYNWjBebHm/5wzU/XqrBRBNWectVH0QIiN+NEcZ0Dte5hvzHwbr8+XQmguPhJ6WdQ==",
			"engines": {
				"node": ">=0.6"
			},
			"funding": {
				"url": "https://github.com/sponsors/ljharb"
			}
		},
		"node_modules/querystring": {
			"version": "0.2.1",
			"resolved": "https://registry.npmjs.org/querystring/-/querystring-0.2.1.tgz",
			"integrity": "sha512-wkvS7mL/JMugcup3/rMitHmd9ecIGd2lhFhK9N3UUQ450h66d1r3Y9nvXzQAW1Lq+wyx61k/1pfKS5KuKiyEbg==",
			"deprecated": "The querystring API is considered Legacy. new code should use the URLSearchParams API instead.",
			"engines": {
				"node": ">=0.4.x"
			}
		},
		"node_modules/querystringify": {
			"version": "2.2.0",
			"resolved": "https://registry.npmjs.org/querystringify/-/querystringify-2.2.0.tgz",
			"integrity": "sha512-FIqgj2EUvTa7R50u0rGsyTftzjYmv/a3hO345bZNrqabNqjtgiDMgmo4mkUjd+nzU5oF3dClKqFIPUKybUyqoQ=="
		},
		"node_modules/requires-port": {
			"version": "1.0.0",
			"resolved": "https://registry.npmjs.org/requires-port/-/requires-port-1.0.0.tgz",
			"integrity": "sha1-kl0mAdOaxIXgkc8NpcbmlNw9yv8= sha512-KigOCHcocU3XODJxsu8i/j8T9tzT4adHiecwORRQ0ZZFcp7ahwXuRU1m+yuO90C5ZUyGeGfocHDI14M3L3yDAQ=="
		},
		"node_modules/rootpath": {
			"version": "0.1.2",
			"resolved": "https://registry.npmjs.org/rootpath/-/rootpath-0.1.2.tgz",
			"integrity": "sha1-Wzeah9ypBum5HWkKWZQ5vvJn6ms= sha512-R3wLbuAYejpxQjL/SjXo1Cjv4wcJECnMRT/FlcCfTwCBhaji9rWaRCoVEQ1SPiTJ4kKK+yh+bZLAV7SCafoDDw=="
		},
		"node_modules/safe-buffer": {
			"version": "5.2.1",
			"resolved": "https://registry.npmjs.org/safe-buffer/-/safe-buffer-5.2.1.tgz",
			"integrity": "sha512-rp3So07KcdmmKbGvgaNxQSJr7bGVSVk5S9Eq1F+ppbRo70+YeaDxkw5Dd8NPN+GD6bjnYm2VuPuCXmpuYvmCXQ==",
			"funding": [
				{
					"type": "github",
					"url": "https://github.com/sponsors/feross"
				},
				{
					"type": "patreon",
					"url": "https://www.patreon.com/feross"
				},
				{
					"type": "consulting",
					"url": "https://feross.org/support"
				}
			]
		},
		"node_modules/sax": {
			"version": "1.2.4",
			"resolved": "https://registry.npmjs.org/sax/-/sax-1.2.4.tgz",
			"integrity": "sha512-NqVDv9TpANUjFm0N8uM5GxL36UgKi9/atZw+x7YFnQ8ckwFGKrl4xX4yWtrey3UJm5nP1kUbnYgLopqWNSRhWw=="
		},
		"node_modules/scmp": {
			"version": "2.1.0",
			"resolved": "https://registry.npmjs.org/scmp/-/scmp-2.1.0.tgz",
			"integrity": "sha512-o/mRQGk9Rcer/jEEw/yw4mwo3EU/NvYvp577/Btqrym9Qy5/MdWGBqipbALgd2lrdWTJ5/gqDusxfnQBxOxT2Q=="
		},
		"node_modules/semver": {
			"version": "5.7.1",
			"resolved": "https://registry.npmjs.org/semver/-/semver-5.7.1.tgz",
			"integrity": "sha512-sauaDf/PZdVgrLTNYHRtpXa1iRiKcaebiKQ1BJdpQlWH2lCvexQdX55snPFyK7QzpudqbCI0qXFfOasHdyNDGQ==",
			"bin": {
				"semver": "bin/semver"
			}
		},
		"node_modules/streamsearch": {
			"version": "1.1.0",
			"resolved": "https://registry.npmjs.org/streamsearch/-/streamsearch-1.1.0.tgz",
			"integrity": "sha512-Mcc5wHehp9aXz1ax6bZUyY5afg9u2rv5cqQI3mRrYkGC8rW2hM02jWuwjtL++LS5qinSyhj2QfLyNsuc+VsExg==",
			"engines": {
				"node": ">=10.0.0"
			}
		},
		"node_modules/tough-cookie": {
			"version": "3.0.1",
			"resolved": "https://registry.npmjs.org/tough-cookie/-/tough-cookie-3.0.1.tgz",
			"integrity": "sha512-yQyJ0u4pZsv9D4clxO69OEjLWYw+jbgspjTue4lTQZLfV0c5l1VmK2y1JK8E9ahdpltPOaAThPcp5nKPUgSnsg==",
			"dependencies": {
				"ip-regex": "^2.1.0",
				"psl": "^1.1.28",
				"punycode": "^2.1.1"
			},
			"engines": {
				"node": ">=6"
			}
		},
		"node_modules/tr46": {
			"version": "0.0.3",
			"resolved": "https://registry.npmjs.org/tr46/-/tr46-0.0.3.tgz",
			"integrity": "sha512-N3WMsuqV66lT30CrXNbEjx4GEwlow3v6rr4mCcv6prnfwhS01rkgyFdjPNBYd9br7LpXV1+Emh01fHnq2Gdgrw=="
		},
		"node_modules/tslib": {
			"version": "1.13.0",
			"resolved": "https://registry.npmjs.org/tslib/-/tslib-1.13.0.tgz",
			"integrity": "sha512-i/6DQjL8Xf3be4K/E6Wgpekn5Qasl1usyw++dAA35Ue5orEn65VIxOA+YvNNl9HV3qv70T7CNwjODHZrLwvd1Q=="
		},
		"node_modules/tunnel": {
			"version": "0.0.6",
			"resolved": "https://registry.npmjs.org/tunnel/-/tunnel-0.0.6.tgz",
			"integrity": "sha512-1h/Lnq9yajKY2PEbBadPXj3VxsDDu844OnaAo52UVmIzIvwwtBPIuNvkjuzBlTWpfJyUbG3ez0KSBibQkj4ojg==",
			"engines": {
				"node": ">=0.6.11 <=0.7.0 || >=0.7.3"
			}
		},
		"node_modules/twilio": {
			"version": "3.77.2",
			"resolved": "https://registry.npmjs.org/twilio/-/twilio-3.77.2.tgz",
			"integrity": "sha512-Q/JFbZzrb+1jTgBlwMkv3NwtGH0fT3BGJ3vG4LAuR8RPKK2d15SA9VGP588fHyoNQ26godOKi0ntPsaHV02ZqQ==",
			"dependencies": {
				"axios": "^0.26.1",
				"dayjs": "^1.8.29",
				"https-proxy-agent": "^5.0.0",
				"jsonwebtoken": "^8.5.1",
				"lodash": "^4.17.21",
				"q": "2.0.x",
				"qs": "^6.9.4",
				"rootpath": "^0.1.2",
				"scmp": "^2.1.0",
				"url-parse": "^1.5.9",
				"xmlbuilder": "^13.0.2"
			},
			"engines": {
				"node": ">=6.0"
			}
		},
		"node_modules/url-parse": {
			"version": "1.5.10",
			"resolved": "https://registry.npmjs.org/url-parse/-/url-parse-1.5.10.tgz",
			"integrity": "sha512-WypcfiRhfeUP9vvF0j6rw0J3hrWrw6iZv3+22h6iRMJ/8z1Tj6XfLP4DsUix5MhMPnXpiHDoKyoZ/bdCkwBCiQ==",
			"dependencies": {
				"querystringify": "^2.1.1",
				"requires-port": "^1.0.0"
			}
		},
		"node_modules/utils-extend": {
			"version": "1.0.8",
			"resolved": "https://registry.npmjs.org/utils-extend/-/utils-extend-1.0.8.tgz",
			"integrity": "sha1-zP17ZFQPjpDuIe7Fd2nQZRyril8= sha512-+VzQieEAijyCFGqnGAWIy7Em1dFGdgf1w+orKwmTWHyaGL19aw9Oq5e5ZZaxgcS777AkPYEsbgWqpz5E6KniPg=="
		},
		"node_modules/uuid": {
			"version": "8.3.2",
			"resolved": "https://registry.npmjs.org/uuid/-/uuid-8.3.2.tgz",
			"integrity": "sha512-+NYs2QeMWy+GWFOEm9xnn6HCDp0l7QBD7ml8zLUmJ+93Q5NF0NocErnwkTkXVFNiX3/fpC6afS8Dhb/gz7R7eg==",
			"bin": {
				"uuid": "dist/bin/uuid"
			}
		},
		"node_modules/weak-map": {
			"version": "1.0.5",
			"resolved": "https://registry.npmjs.org/weak-map/-/weak-map-1.0.5.tgz",
			"integrity": "sha1-eWkVhNmGB/UHC9O3CkDmuyLkAes= sha512-4u3oWsaowmfznU7I/PcCcq6T49fgxrgZ/1F+ZHQuFpBKruu0+yFsTxvI4uwypg4TE1ue1zhk7VsBTbuf3wimnQ=="
		},
		"node_modules/webidl-conversions": {
			"version": "3.0.1",
			"resolved": "https://registry.npmjs.org/webidl-conversions/-/webidl-conversions-3.0.1.tgz",
			"integrity": "sha512-2JAn3z8AR6rjK8Sm8orRC0h/bcl/DqL7tRPdGZ4I1CjdF+EaMLmYxBHyXuKL849eucPFhvBoxMsflfOb8kxaeQ=="
		},
		"node_modules/whatwg-url": {
			"version": "5.0.0",
			"resolved": "https://registry.npmjs.org/whatwg-url/-/whatwg-url-5.0.0.tgz",
			"integrity": "sha512-saE57nupxk6v3HY35+jzBwYa0rKSy0XR8JSxZPwgLr7ys0IBzhGviA1/TUGJLmSVqs8pb9AnvICXEuOHLprYTw==",
			"dependencies": {
				"tr46": "~0.0.3",
				"webidl-conversions": "^3.0.0"
			}
		},
		"node_modules/xmlbuilder": {
			"version": "13.0.2",
			"resolved": "https://registry.npmjs.org/xmlbuilder/-/xmlbuilder-13.0.2.tgz",
			"integrity": "sha512-Eux0i2QdDYKbdbA6AM6xE4m6ZTZr4G4xF9kahI2ukSEMCzwce2eX9WlTI5J3s+NU7hpasFsr8hWIONae7LluAQ==",
			"engines": {
				"node": ">=6.0"
			}
		}
	},
	"dependencies": {
		"@anzp/azure-function-multipart": {
			"version": "3.0.0",
			"resolved": "https://registry.npmjs.org/@anzp/azure-function-multipart/-/azure-function-multipart-3.0.0.tgz",
			"integrity": "sha512-8FuwwkAYAFq/T5L5sBPAE+3Cr1IkEhJpVsgAmufH0zOF3e30z6Sl+NjbVDD08YkcuMhGOqcffKMatseayPJAsg==",
			"requires": {
				"@azure/functions": "^3.0.0",
				"@types/busboy": "^1.3.0",
				"@types/node": "^17.0.0",
				"busboy": "^1.6.0"
			}
		},
		"@azure/abort-controller": {
			"version": "1.1.0",
			"resolved": "https://registry.npmjs.org/@azure/abort-controller/-/abort-controller-1.1.0.tgz",
			"integrity": "sha512-TrRLIoSQVzfAJX9H1JeFjzAoDGcoK1IYX1UImfceTZpsyYfWr09Ss1aHW1y5TrrR3iq6RZLBwJ3E24uwPhwahw==",
			"requires": {
				"tslib": "^2.2.0"
			},
			"dependencies": {
				"tslib": {
					"version": "2.4.0",
					"resolved": "https://registry.npmjs.org/tslib/-/tslib-2.4.0.tgz",
					"integrity": "sha512-d6xOpEDfsi2CZVlPQzGeux8XMwLT9hssAsaPYExaQMuYskwb+x1x7J371tWlbBdWHroy99KnVB6qIkUbs5X3UQ=="
				}
			}
		},
		"@azure/cognitiveservices-customvision-prediction": {
			"version": "5.1.2",
			"resolved": "https://registry.npmjs.org/@azure/cognitiveservices-customvision-prediction/-/cognitiveservices-customvision-prediction-5.1.2.tgz",
			"integrity": "sha512-Uwl+P82bW1q4kucBLtRxWk8qydEX5k139YSgx1rusqVdj2Z1AqByUsbKOcj1Nit+xj622QQOIdth785cEmgTog==",
			"requires": {
				"@azure/ms-rest-js": "^2.0.4",
				"tslib": "^1.10.0"
			}
		},
		"@azure/core-auth": {
			"version": "1.3.2",
			"resolved": "https://registry.npmjs.org/@azure/core-auth/-/core-auth-1.3.2.tgz",
			"integrity": "sha512-7CU6DmCHIZp5ZPiZ9r3J17lTKMmYsm/zGvNkjArQwPkrLlZ1TZ+EUYfGgh2X31OLMVAQCTJZW4cXHJi02EbJnA==",
			"requires": {
				"@azure/abort-controller": "^1.0.0",
				"tslib": "^2.2.0"
			},
			"dependencies": {
				"tslib": {
					"version": "2.4.0",
					"resolved": "https://registry.npmjs.org/tslib/-/tslib-2.4.0.tgz",
					"integrity": "sha512-d6xOpEDfsi2CZVlPQzGeux8XMwLT9hssAsaPYExaQMuYskwb+x1x7J371tWlbBdWHroy99KnVB6qIkUbs5X3UQ=="
				}
			}
		},
		"@azure/functions": {
			"version": "3.2.0",
			"resolved": "https://registry.npmjs.org/@azure/functions/-/functions-3.2.0.tgz",
			"integrity": "sha512-HbE7iORnYcjLzKNf5mIQRJQDTsVxhoXHRWEZ6KWdGh4e7+F9xTloiBicavbSoVmlAYivenIVpryHanVwsQaHUw=="
		},
		"@azure/ms-rest-js": {
			"version": "2.6.6",
			"resolved": "https://registry.npmjs.org/@azure/ms-rest-js/-/ms-rest-js-2.6.6.tgz",
			"integrity": "sha512-WYIda8VvrkZE68xHgOxUXvjThxNf1nnGPPe0rAljqK5HJHIZ12Pi3YhEDOn3Ge7UnwaaM3eFO0VtAy4nGVI27Q==",
			"requires": {
				"@azure/core-auth": "^1.1.4",
				"abort-controller": "^3.0.0",
				"form-data": "^2.5.0",
				"node-fetch": "^2.6.7",
				"tough-cookie": "^3.0.1",
				"tslib": "^1.10.0",
				"tunnel": "0.0.6",
				"uuid": "^8.3.2",
				"xml2js": "^0.5.0"
			},
			"dependencies": {
				"xml2js": {
					"version": "0.5.0",
					"resolved": "https://registry.npmjs.org/xml2js/-/xml2js-0.5.0.tgz",
					"integrity": "sha512-drPFnkQJik/O+uPKpqSgr22mpuFHqKdbS835iAQrUC73L2F5WkboIRd63ai/2Yg6I1jzifPFKH2NTK+cfglkIA==",
					"requires": {
						"sax": ">=0.6.0",
						"xmlbuilder": "~11.0.0"
					}
				},
				"xmlbuilder": {
					"version": "11.0.1",
					"resolved": "https://registry.npmjs.org/xmlbuilder/-/xmlbuilder-11.0.1.tgz",
					"integrity": "sha512-fDlsI/kFEx7gLvbecc0/ohLG50fugQp8ryHzMTuW9vSa1GJ0XYWKnhsUx7oie3G98+r56aTQIUB4kht42R3JvA=="
				}
			}
		},
		"@sendgrid/client": {
			"version": "7.7.0",
			"resolved": "https://registry.npmjs.org/@sendgrid/client/-/client-7.7.0.tgz",
			"integrity": "sha512-SxH+y8jeAQSnDavrTD0uGDXYIIkFylCo+eDofVmZLQ0f862nnqbC3Vd1ej6b7Le7lboyzQF6F7Fodv02rYspuA==",
			"requires": {
				"@sendgrid/helpers": "^7.7.0",
				"axios": "^0.26.0"
			}
		},
		"@sendgrid/helpers": {
			"version": "7.7.0",
			"resolved": "https://registry.npmjs.org/@sendgrid/helpers/-/helpers-7.7.0.tgz",
			"integrity": "sha512-3AsAxfN3GDBcXoZ/y1mzAAbKzTtUZ5+ZrHOmWQ279AuaFXUNCh9bPnRpN504bgveTqoW+11IzPg3I0WVgDINpw==",
			"requires": {
				"deepmerge": "^4.2.2"
			}
		},
		"@sendgrid/mail": {
			"version": "7.7.0",
			"resolved": "https://registry.npmjs.org/@sendgrid/mail/-/mail-7.7.0.tgz",
			"integrity": "sha512-5+nApPE9wINBvHSUxwOxkkQqM/IAAaBYoP9hw7WwgDNQPxraruVqHizeTitVtKGiqWCKm2mnjh4XGN3fvFLqaw==",
			"requires": {
				"@sendgrid/client": "^7.7.0",
				"@sendgrid/helpers": "^7.7.0"
			}
		},
		"@types/busboy": {
			"version": "1.5.0",
			"resolved": "https://registry.npmjs.org/@types/busboy/-/busboy-1.5.0.tgz",
			"integrity": "sha512-ncOOhwmyFDW76c/Tuvv9MA9VGYUCn8blzyWmzYELcNGDb0WXWLSmFi7hJq25YdRBYJrmMBB5jZZwUjlJe9HCjQ==",
			"requires": {
				"@types/node": "*"
			}
		},
		"@types/node": {
			"version": "17.0.45",
			"resolved": "https://registry.npmjs.org/@types/node/-/node-17.0.45.tgz",
			"integrity": "sha512-w+tIMs3rq2afQdsPJlODhoUEKzFP1ayaoyl1CcnwtIlsVe7K7bA1NGm4s3PraqTLlXnbIN84zuBlxBWo1u9BLw=="
		},
		"abort-controller": {
			"version": "3.0.0",
			"resolved": "https://registry.npmjs.org/abort-controller/-/abort-controller-3.0.0.tgz",
			"integrity": "sha512-h8lQ8tacZYnR3vNQTgibj+tODHI5/+l06Au2Pcriv/Gmet0eaj4TwWH41sO9wnHDiQsEj19q0drzdWdeAHtweg==",
			"requires": {
				"event-target-shim": "^5.0.0"
			}
		},
		"agent-base": {
			"version": "6.0.2",
			"resolved": "https://registry.npmjs.org/agent-base/-/agent-base-6.0.2.tgz",
			"integrity": "sha512-RZNwNclF7+MS/8bDg70amg32dyeZGZxiDuQmZxKLAlQjr3jGyLx+4Kkk58UO7D2QdgFIQCovuSuZESne6RG6XQ==",
			"requires": {
				"debug": "4"
			}
		},
		"asap": {
			"version": "2.0.6",
			"resolved": "https://registry.npmjs.org/asap/-/asap-2.0.6.tgz",
			"integrity": "sha1-5QNHYR1+aQlDIIu9r+vLwvuGbUY= sha512-BSHWgDSAiKs50o2Re8ppvp3seVHXSRM44cdSsT9FfNEUUZLOGWVCsiWaRPWM1Znn+mqZ1OfVZ3z3DWEzSp7hRA=="
		},
		"asynckit": {
			"version": "0.4.0",
			"resolved": "https://registry.npmjs.org/asynckit/-/asynckit-0.4.0.tgz",
			"integrity": "sha1-x57Zf380y48robyXkLzDZkdLS3k= sha512-Oei9OH4tRh0YqU3GxhX79dM/mwVgvbZJaSNaRk+bshkj0S5cfHcgYakreBjrHwatXKbz+IoIdYLxrKim2MjW0Q=="
		},
		"axios": {
			"version": "0.26.1",
			"resolved": "https://registry.npmjs.org/axios/-/axios-0.26.1.tgz",
			"integrity": "sha512-fPwcX4EvnSHuInCMItEhAGnaSEXRBjtzh9fOtsE6E1G6p7vl7edEeZe11QHf18+6+9gR5PbKV/sGKNaD8YaMeA==",
			"requires": {
				"follow-redirects": "^1.14.8"
			}
		},
		"buffer-equal-constant-time": {
			"version": "1.0.1",
			"resolved": "https://registry.npmjs.org/buffer-equal-constant-time/-/buffer-equal-constant-time-1.0.1.tgz",
			"integrity": "sha1-+OcRMvf/5uAaXJaXpMbz5I1cyBk= sha512-zRpUiDwd/xk6ADqPMATG8vc9VPrkck7T07OIx0gnjmJAnHnTVXNQG3vfvWNuiZIkwu9KrKdA1iJKfsfTVxE6NA=="
		},
		"busboy": {
			"version": "1.6.0",
			"resolved": "https://registry.npmjs.org/busboy/-/busboy-1.6.0.tgz",
			"integrity": "sha512-8SFQbg/0hQ9xy3UNTB0YEnsNBbWfhf7RtnzpL7TkBiTBRfrQ9Fxcnz7VJsleJpyp6rVLvXiuORqjlHi5q+PYuA==",
			"requires": {
				"streamsearch": "^1.1.0"
			}
		},
		"combined-stream": {
			"version": "1.0.8",
			"resolved": "https://registry.npmjs.org/combined-stream/-/combined-stream-1.0.8.tgz",
			"integrity": "sha512-FQN4MRfuJeHf7cBbBMJFXhKSDq+2kAArBlmRBvcvFE5BB1HZKXtSFASDhdlz9zOYwxh8lDdnvmMOe/+5cdoEdg==",
			"requires": {
				"delayed-stream": "~1.0.0"
			}
		},
		"dayjs": {
			"version": "1.9.1",
			"resolved": "https://registry.npmjs.org/dayjs/-/dayjs-1.9.1.tgz",
			"integrity": "sha512-01NCTBg8cuMJG1OQc6PR7T66+AFYiPwgDvdJmvJBn29NGzIG+DIFxPLNjHzwz3cpFIvG+NcwIjP9hSaPVoOaDg=="
		},
		"debug": {
			"version": "4.3.4",
			"resolved": "https://registry.npmjs.org/debug/-/debug-4.3.4.tgz",
			"integrity": "sha512-PRWFHuSU3eDtQJPvnNY7Jcket1j0t5OuOsFzPPzsekD52Zl8qUfFIPEiswXqIvHWGVHOgX+7G/vCNNhehwxfkQ==",
			"requires": {
				"ms": "2.1.2"
			}
		},
		"deepmerge": {
			"version": "4.2.2",
			"resolved": "https://registry.npmjs.org/deepmerge/-/deepmerge-4.2.2.tgz",
			"integrity": "sha512-FJ3UgI4gIl+PHZm53knsuSFpE+nESMr7M4v9QcgB7S63Kj/6WqMiFQJpBBYz1Pt+66bZpP3Q7Lye0Oo9MPKEdg=="
		},
		"delayed-stream": {
			"version": "1.0.0",
			"resolved": "https://registry.npmjs.org/delayed-stream/-/delayed-stream-1.0.0.tgz",
			"integrity": "sha1-3zrhmayt+31ECqrgsp4icrJOxhk= sha512-ZySD7Nf91aLB0RxL4KGrKHBXl7Eds1DAmEdcoVawXnLD7SDhpNgtuII2aAkg7a7QS41jxPSZ17p4VdGnMHk3MQ=="
		},
		"dotenv": {
			"version": "16.0.1",
			"resolved": "https://registry.npmjs.org/dotenv/-/dotenv-16.0.1.tgz",
			"integrity": "sha512-1K6hR6wtk2FviQ4kEiSjFiH5rpzEVi8WW0x96aztHVMhEspNpc4DVOUTEHtEva5VThQ8IaBX1Pe4gSzpVVUsKQ=="
		},
		"ecdsa-sig-formatter": {
			"version": "1.0.11",
			"resolved": "https://registry.npmjs.org/ecdsa-sig-formatter/-/ecdsa-sig-formatter-1.0.11.tgz",
			"integrity": "sha512-nagl3RYrbNv6kQkeJIpt6NJZy8twLB/2vtz6yN9Z4vRKHN4/QZJIEbqohALSgwKdnksuY3k5Addp5lg8sVoVcQ==",
			"requires": {
				"safe-buffer": "^5.0.1"
			}
		},
		"event-target-shim": {
			"version": "5.0.1",
			"resolved": "https://registry.npmjs.org/event-target-shim/-/event-target-shim-5.0.1.tgz",
			"integrity": "sha512-i/2XbnSz/uxRCU6+NdVJgKWDTM427+MqYbkQzD321DuCQJUqOuJKIA0IM2+W2xtYHdKOmZ4dR6fExsd4SXL+WQ=="
		},
		"file-match": {
			"version": "1.0.2",
			"resolved": "https://registry.npmjs.org/file-match/-/file-match-1.0.2.tgz",
			"integrity": "sha1-ycrSZdLIrfOoFHWw30dYWQafrvc= sha512-g9p6bZV3HlSUM35QPvFWiP/PckDVe5jLPDhx6PfMuy06o+htesJTyDu7zRdXnOm3BY8pXmxb+QY5qIcsoWMGNg==",
			"requires": {
				"utils-extend": "^1.0.6"
			}
		},
		"file-system": {
			"version": "2.2.2",
			"resolved": "https://registry.npmjs.org/file-system/-/file-system-2.2.2.tgz",
			"integrity": "sha1-fWWDPjojR9zZVqgTxncVPtPt2Yc= sha512-YgbXEVCu21CfmoeJ1rFLVLPGhW9o7iCzVFqk7ydy2TxF7rXH2YB68CFgDXLOvTD2pMLtg8paVqurzVjxGRdYmw==",
			"requires": {
				"file-match": "^1.0.1",
				"utils-extend": "^1.0.4"
			}
		},
		"follow-redirects": {
			"version": "1.15.1",
			"resolved": "https://registry.npmjs.org/follow-redirects/-/follow-redirects-1.15.1.tgz",
			"integrity": "sha512-yLAMQs+k0b2m7cVxpS1VKJVvoz7SS9Td1zss3XRwXj+ZDH00RJgnuLx7E44wx02kQLrdM3aOOy+FpzS7+8OizA=="
		},
		"form-data": {
			"version": "2.5.1",
			"resolved": "https://registry.npmjs.org/form-data/-/form-data-2.5.1.tgz",
			"integrity": "sha512-m21N3WOmEEURgk6B9GLOE4RuWOFf28Lhh9qGYeNlGq4VDXUlJy2th2slBNU8Gp8EzloYZOibZJ7t5ecIrFSjVA==",
			"requires": {
				"asynckit": "^0.4.0",
				"combined-stream": "^1.0.6",
				"mime-types": "^2.1.12"
			}
		},
		"https-proxy-agent": {
			"version": "5.0.1",
			"resolved": "https://registry.npmjs.org/https-proxy-agent/-/https-proxy-agent-5.0.1.tgz",
			"integrity": "sha512-dFcAjpTQFgoLMzC2VwU+C/CbS7uRL0lWmxDITmqm7C+7F0Odmj6s9l6alZc6AELXhrnggM2CeWSXHGOdX2YtwA==",
			"requires": {
				"agent-base": "6",
				"debug": "4"
			}
		},
		"ip-regex": {
			"version": "2.1.0",
			"resolved": "https://registry.npmjs.org/ip-regex/-/ip-regex-2.1.0.tgz",
			"integrity": "sha1-+ni/XS5pE8kRzp+BnuUUa7bYROk= sha512-58yWmlHpp7VYfcdTwMTvwMmqx/Elfxjd9RXTDyMsbL7lLWmhMylLEqiYVLKuLzOZqVgiWXD9MfR62Vv89VRxkw=="
		},
		"jsonwebtoken": {
			"version": "8.5.1",
			"resolved": "https://registry.npmjs.org/jsonwebtoken/-/jsonwebtoken-8.5.1.tgz",
			"integrity": "sha512-XjwVfRS6jTMsqYs0EsuJ4LGxXV14zQybNd4L2r0UvbVnSF9Af8x7p5MzbJ90Ioz/9TI41/hTCvznF/loiSzn8w==",
			"requires": {
				"jws": "^3.2.2",
				"lodash.includes": "^4.3.0",
				"lodash.isboolean": "^3.0.3",
				"lodash.isinteger": "^4.0.4",
				"lodash.isnumber": "^3.0.3",
				"lodash.isplainobject": "^4.0.6",
				"lodash.isstring": "^4.0.1",
				"lodash.once": "^4.0.0",
				"ms": "^2.1.1",
				"semver": "^5.6.0"
			}
		},
		"jwa": {
			"version": "1.4.1",
			"resolved": "https://registry.npmjs.org/jwa/-/jwa-1.4.1.tgz",
			"integrity": "sha512-qiLX/xhEEFKUAJ6FiBMbes3w9ATzyk5W7Hvzpa/SLYdxNtng+gcurvrI7TbACjIXlsJyr05/S1oUhZrc63evQA==",
			"requires": {
				"buffer-equal-constant-time": "1.0.1",
				"ecdsa-sig-formatter": "1.0.11",
				"safe-buffer": "^5.0.1"
			}
		},
		"jws": {
			"version": "3.2.2",
			"resolved": "https://registry.npmjs.org/jws/-/jws-3.2.2.tgz",
			"integrity": "sha512-YHlZCB6lMTllWDtSPHz/ZXTsi8S00usEV6v1tjq8tOUZzw7DpSDWVXjXDre6ed1w/pd495ODpHZYSdkRTsa0HA==",
			"requires": {
				"jwa": "^1.4.1",
				"safe-buffer": "^5.0.1"
			}
		},
		"lodash": {
			"version": "4.17.21",
			"resolved": "https://registry.npmjs.org/lodash/-/lodash-4.17.21.tgz",
			"integrity": "sha512-v2kDEe57lecTulaDIuNTPy3Ry4gLGJ6Z1O3vE1krgXZNrsQ+LFTGHVxVjcXPs17LhbZVGedAJv8XZ1tvj5FvSg=="
		},
		"lodash.includes": {
			"version": "4.3.0",
			"resolved": "https://registry.npmjs.org/lodash.includes/-/lodash.includes-4.3.0.tgz",
			"integrity": "sha1-YLuYqHy5I8aMoeUTJUgzFISfVT8= sha512-W3Bx6mdkRTGtlJISOvVD/lbqjTlPPUDTMnlXZFnVwi9NKJ6tiAk6LVdlhZMm17VZisqhKcgzpO5Wz91PCt5b0w=="
		},
		"lodash.isboolean": {
			"version": "3.0.3",
			"resolved": "https://registry.npmjs.org/lodash.isboolean/-/lodash.isboolean-3.0.3.tgz",
			"integrity": "sha1-bC4XHbKiV82WgC/UOwGyDV9YcPY= sha512-Bz5mupy2SVbPHURB98VAcw+aHh4vRV5IPNhILUCsOzRmsTmSQ17jIuqopAentWoehktxGd9e/hbIXq980/1QJg=="
		},
		"lodash.isinteger": {
			"version": "4.0.4",
			"resolved": "https://registry.npmjs.org/lodash.isinteger/-/lodash.isinteger-4.0.4.tgz",
			"integrity": "sha1-YZwK89A/iwTDH1iChAt3sRzWg0M= sha512-DBwtEWN2caHQ9/imiNeEA5ys1JoRtRfY3d7V9wkqtbycnAmTvRRmbHKDV4a0EYc678/dia0jrte4tjYwVBaZUA=="
		},
		"lodash.isnumber": {
			"version": "3.0.3",
			"resolved": "https://registry.npmjs.org/lodash.isnumber/-/lodash.isnumber-3.0.3.tgz",
			"integrity": "sha1-POdoEMWSjQM1IwGsKHMX8RwLH/w= sha512-QYqzpfwO3/CWf3XP+Z+tkQsfaLL/EnUlXWVkIk5FUPc4sBdTehEqZONuyRt2P67PXAk+NXmTBcc97zw9t1FQrw=="
		},
		"lodash.isplainobject": {
			"version": "4.0.6",
			"resolved": "https://registry.npmjs.org/lodash.isplainobject/-/lodash.isplainobject-4.0.6.tgz",
			"integrity": "sha1-fFJqUtibRcRcxpC4gWO+BJf1UMs= sha512-oSXzaWypCMHkPC3NvBEaPHf0KsA5mvPrOPgQWDsbg8n7orZ290M0BmC/jgRZ4vcJ6DTAhjrsSYgdsW/F+MFOBA=="
		},
		"lodash.isstring": {
			"version": "4.0.1",
			"resolved": "https://registry.npmjs.org/lodash.isstring/-/lodash.isstring-4.0.1.tgz",
			"integrity": "sha1-1SfftUVuynzJu5XV2ur4i6VKVFE= sha512-0wJxfxH1wgO3GrbuP+dTTk7op+6L41QCXbGINEmD+ny/G/eCqGzxyCsh7159S+mgDDcoarnBw6PC1PS5+wUGgw=="
		},
		"lodash.once": {
			"version": "4.1.1",
			"resolved": "https://registry.npmjs.org/lodash.once/-/lodash.once-4.1.1.tgz",
			"integrity": "sha1-DdOXEhPHxW34gJd9UEyI+0cal6w= sha512-Sb487aTOCr9drQVL8pIxOzVhafOjZN9UU54hiN8PU3uAiSV7lx1yYNpbNmex2PK6dSJoNTSJUUswT651yww3Mg=="
		},
		"mime-db": {
			"version": "1.44.0",
			"resolved": "https://registry.npmjs.org/mime-db/-/mime-db-1.44.0.tgz",
			"integrity": "sha512-/NOTfLrsPBVeH7YtFPgsVWveuL+4SjjYxaQ1xtM1KMFj7HdxlBlxeyNLzhyJVx7r4rZGJAZ/6lkKCitSc/Nmpg=="
		},
		"mime-types": {
			"version": "2.1.27",
			"resolved": "https://registry.npmjs.org/mime-types/-/mime-types-2.1.27.tgz",
			"integrity": "sha512-JIhqnCasI9yD+SsmkquHBxTSEuZdQX5BuQnS2Vc7puQQQ+8yiP5AY5uWhpdv4YL4VM5c6iliiYWPgJ/nJQLp7w==",
			"requires": {
				"mime-db": "1.44.0"
			}
		},
		"ms": {
			"version": "2.1.2",
			"resolved": "https://registry.npmjs.org/ms/-/ms-2.1.2.tgz",
			"integrity": "sha512-sGkPx+VjMtmA6MX27oA4FBFELFCZZ4S4XqeGOXCv68tT+jb3vk/RyaKWP0PTKyWtmLSM0b+adUTEvbs1PEaH2w=="
		},
		"node-fetch": {
			"version": "2.6.7",
			"resolved": "https://registry.npmjs.org/node-fetch/-/node-fetch-2.6.7.tgz",
			"integrity": "sha512-ZjMPFEfVx5j+y2yF35Kzx5sF7kDzxuDj6ziH4FFbOp87zKDZNx8yExJIb05OGF4Nlt9IHFIMBkRl41VdvcNdbQ==",
			"requires": {
				"whatwg-url": "^5.0.0"
			}
		},
		"pop-iterate": {
			"version": "1.0.1",
			"resolved": "https://registry.npmjs.org/pop-iterate/-/pop-iterate-1.0.1.tgz",
			"integrity": "sha1-zqz9q0q/NT16DyqqLB/Hs/lBO6M= sha512-HRCx4+KJE30JhX84wBN4+vja9bNfysxg1y28l0DuJmkoaICiv2ZSilKddbS48pq50P8d2erAhqDLbp47yv3MbQ=="
		},
		"psl": {
			"version": "1.8.0",
			"resolved": "https://registry.npmjs.org/psl/-/psl-1.8.0.tgz",
			"integrity": "sha512-RIdOzyoavK+hA18OGGWDqUTsCLhtA7IcZ/6NCs4fFJaHBDab+pDDmDIByWFRQJq2Cd7r1OoQxBGKOaztq+hjIQ=="
		},
		"punycode": {
			"version": "2.1.1",
			"resolved": "https://registry.npmjs.org/punycode/-/punycode-2.1.1.tgz",
			"integrity": "sha512-XRsRjdf+j5ml+y/6GKHPZbrF/8p2Yga0JPtdqTIY2Xe5ohJPD9saDJJLPvp9+NSBprVvevdXZybnj2cv8OEd0A=="
		},
		"q": {
			"version": "2.0.3",
			"resolved": "https://registry.npmjs.org/q/-/q-2.0.3.tgz",
			"integrity": "sha1-dbjbAlWhpa+C9Yw/Oqoe/sfQ0TQ= sha512-gv6vLGcmAOg96/fgo3d9tvA4dJNZL3fMyBqVRrGxQ+Q/o4k9QzbJ3NQF9cOO/71wRodoXhaPgphvMFU68qVAJQ==",
			"requires": {
				"asap": "^2.0.0",
				"pop-iterate": "^1.0.1",
				"weak-map": "^1.0.5"
			}
		},
		"qs": {
			"version": "6.9.4",
			"resolved": "https://registry.npmjs.org/qs/-/qs-6.9.4.tgz",
			"integrity": "sha512-A1kFqHekCTM7cz0udomYUoYNWjBebHm/5wzU/XqrBRBNWectVH0QIiN+NEcZ0Dte5hvzHwbr8+XQmguPhJ6WdQ=="
		},
		"querystring": {
			"version": "0.2.1",
			"resolved": "https://registry.npmjs.org/querystring/-/querystring-0.2.1.tgz",
			"integrity": "sha512-wkvS7mL/JMugcup3/rMitHmd9ecIGd2lhFhK9N3UUQ450h66d1r3Y9nvXzQAW1Lq+wyx61k/1pfKS5KuKiyEbg=="
		},
		"querystringify": {
			"version": "2.2.0",
			"resolved": "https://registry.npmjs.org/querystringify/-/querystringify-2.2.0.tgz",
			"integrity": "sha512-FIqgj2EUvTa7R50u0rGsyTftzjYmv/a3hO345bZNrqabNqjtgiDMgmo4mkUjd+nzU5oF3dClKqFIPUKybUyqoQ=="
		},
		"requires-port": {
			"version": "1.0.0",
			"resolved": "https://registry.npmjs.org/requires-port/-/requires-port-1.0.0.tgz",
			"integrity": "sha1-kl0mAdOaxIXgkc8NpcbmlNw9yv8= sha512-KigOCHcocU3XODJxsu8i/j8T9tzT4adHiecwORRQ0ZZFcp7ahwXuRU1m+yuO90C5ZUyGeGfocHDI14M3L3yDAQ=="
		},
		"rootpath": {
			"version": "0.1.2",
			"resolved": "https://registry.npmjs.org/rootpath/-/rootpath-0.1.2.tgz",
			"integrity": "sha1-Wzeah9ypBum5HWkKWZQ5vvJn6ms= sha512-R3wLbuAYejpxQjL/SjXo1Cjv4wcJECnMRT/FlcCfTwCBhaji9rWaRCoVEQ1SPiTJ4kKK+yh+bZLAV7SCafoDDw=="
		},
		"safe-buffer": {
			"version": "5.2.1",
			"resolved": "https://registry.npmjs.org/safe-buffer/-/safe-buffer-5.2.1.tgz",
			"integrity": "sha512-rp3So07KcdmmKbGvgaNxQSJr7bGVSVk5S9Eq1F+ppbRo70+YeaDxkw5Dd8NPN+GD6bjnYm2VuPuCXmpuYvmCXQ=="
		},
		"sax": {
			"version": "1.2.4",
			"resolved": "https://registry.npmjs.org/sax/-/sax-1.2.4.tgz",
			"integrity": "sha512-NqVDv9TpANUjFm0N8uM5GxL36UgKi9/atZw+x7YFnQ8ckwFGKrl4xX4yWtrey3UJm5nP1kUbnYgLopqWNSRhWw=="
		},
		"scmp": {
			"version": "2.1.0",
			"resolved": "https://registry.npmjs.org/scmp/-/scmp-2.1.0.tgz",
			"integrity": "sha512-o/mRQGk9Rcer/jEEw/yw4mwo3EU/NvYvp577/Btqrym9Qy5/MdWGBqipbALgd2lrdWTJ5/gqDusxfnQBxOxT2Q=="
		},
		"semver": {
			"version": "5.7.1",
			"resolved": "https://registry.npmjs.org/semver/-/semver-5.7.1.tgz",
			"integrity": "sha512-sauaDf/PZdVgrLTNYHRtpXa1iRiKcaebiKQ1BJdpQlWH2lCvexQdX55snPFyK7QzpudqbCI0qXFfOasHdyNDGQ=="
		},
		"streamsearch": {
			"version": "1.1.0",
			"resolved": "https://registry.npmjs.org/streamsearch/-/streamsearch-1.1.0.tgz",
			"integrity": "sha512-Mcc5wHehp9aXz1ax6bZUyY5afg9u2rv5cqQI3mRrYkGC8rW2hM02jWuwjtL++LS5qinSyhj2QfLyNsuc+VsExg=="
		},
		"tough-cookie": {
			"version": "3.0.1",
			"resolved": "https://registry.npmjs.org/tough-cookie/-/tough-cookie-3.0.1.tgz",
			"integrity": "sha512-yQyJ0u4pZsv9D4clxO69OEjLWYw+jbgspjTue4lTQZLfV0c5l1VmK2y1JK8E9ahdpltPOaAThPcp5nKPUgSnsg==",
			"requires": {
				"ip-regex": "^2.1.0",
				"psl": "^1.1.28",
				"punycode": "^2.1.1"
			}
		},
		"tr46": {
			"version": "0.0.3",
			"resolved": "https://registry.npmjs.org/tr46/-/tr46-0.0.3.tgz",
			"integrity": "sha512-N3WMsuqV66lT30CrXNbEjx4GEwlow3v6rr4mCcv6prnfwhS01rkgyFdjPNBYd9br7LpXV1+Emh01fHnq2Gdgrw=="
		},
		"tslib": {
			"version": "1.13.0",
			"resolved": "https://registry.npmjs.org/tslib/-/tslib-1.13.0.tgz",
			"integrity": "sha512-i/6DQjL8Xf3be4K/E6Wgpekn5Qasl1usyw++dAA35Ue5orEn65VIxOA+YvNNl9HV3qv70T7CNwjODHZrLwvd1Q=="
		},
		"tunnel": {
			"version": "0.0.6",
			"resolved": "https://registry.npmjs.org/tunnel/-/tunnel-0.0.6.tgz",
			"integrity": "sha512-1h/Lnq9yajKY2PEbBadPXj3VxsDDu844OnaAo52UVmIzIvwwtBPIuNvkjuzBlTWpfJyUbG3ez0KSBibQkj4ojg=="
		},
		"twilio": {
			"version": "3.77.2",
			"resolved": "https://registry.npmjs.org/twilio/-/twilio-3.77.2.tgz",
			"integrity": "sha512-Q/JFbZzrb+1jTgBlwMkv3NwtGH0fT3BGJ3vG4LAuR8RPKK2d15SA9VGP588fHyoNQ26godOKi0ntPsaHV02ZqQ==",
			"requires": {
				"axios": "^0.26.1",
				"dayjs": "^1.8.29",
				"https-proxy-agent": "^5.0.0",
				"jsonwebtoken": "^8.5.1",
				"lodash": "^4.17.21",
				"q": "2.0.x",
				"qs": "^6.9.4",
				"rootpath": "^0.1.2",
				"scmp": "^2.1.0",
				"url-parse": "^1.5.9",
				"xmlbuilder": "^13.0.2"
			}
		},
		"url-parse": {
			"version": "1.5.10",
			"resolved": "https://registry.npmjs.org/url-parse/-/url-parse-1.5.10.tgz",
			"integrity": "sha512-WypcfiRhfeUP9vvF0j6rw0J3hrWrw6iZv3+22h6iRMJ/8z1Tj6XfLP4DsUix5MhMPnXpiHDoKyoZ/bdCkwBCiQ==",
			"requires": {
				"querystringify": "^2.1.1",
				"requires-port": "^1.0.0"
			}
		},
		"utils-extend": {
			"version": "1.0.8",
			"resolved": "https://registry.npmjs.org/utils-extend/-/utils-extend-1.0.8.tgz",
			"integrity": "sha1-zP17ZFQPjpDuIe7Fd2nQZRyril8= sha512-+VzQieEAijyCFGqnGAWIy7Em1dFGdgf1w+orKwmTWHyaGL19aw9Oq5e5ZZaxgcS777AkPYEsbgWqpz5E6KniPg=="
		},
		"uuid": {
			"version": "8.3.2",
			"resolved": "https://registry.npmjs.org/uuid/-/uuid-8.3.2.tgz",
			"integrity": "sha512-+NYs2QeMWy+GWFOEm9xnn6HCDp0l7QBD7ml8zLUmJ+93Q5NF0NocErnwkTkXVFNiX3/fpC6afS8Dhb/gz7R7eg=="
		},
		"weak-map": {
			"version": "1.0.5",
			"resolved": "https://registry.npmjs.org/weak-map/-/weak-map-1.0.5.tgz",
			"integrity": "sha1-eWkVhNmGB/UHC9O3CkDmuyLkAes= sha512-4u3oWsaowmfznU7I/PcCcq6T49fgxrgZ/1F+ZHQuFpBKruu0+yFsTxvI4uwypg4TE1ue1zhk7VsBTbuf3wimnQ=="
		},
		"webidl-conversions": {
			"version": "3.0.1",
			"resolved": "https://registry.npmjs.org/webidl-conversions/-/webidl-conversions-3.0.1.tgz",
			"integrity": "sha512-2JAn3z8AR6rjK8Sm8orRC0h/bcl/DqL7tRPdGZ4I1CjdF+EaMLmYxBHyXuKL849eucPFhvBoxMsflfOb8kxaeQ=="
		},
		"whatwg-url": {
			"version": "5.0.0",
			"resolved": "https://registry.npmjs.org/whatwg-url/-/whatwg-url-5.0.0.tgz",
			"integrity": "sha512-saE57nupxk6v3HY35+jzBwYa0rKSy0XR8JSxZPwgLr7ys0IBzhGviA1/TUGJLmSVqs8pb9AnvICXEuOHLprYTw==",
			"requires": {
				"tr46": "~0.0.3",
				"webidl-conversions": "^3.0.0"
			}
		},
		"xmlbuilder": {
			"version": "13.0.2",
			"resolved": "https://registry.npmjs.org/xmlbuilder/-/xmlbuilder-13.0.2.tgz",
			"integrity": "sha512-Eux0i2QdDYKbdbA6AM6xE4m6ZTZr4G4xF9kahI2ukSEMCzwce2eX9WlTI5J3s+NU7hpasFsr8hWIONae7LluAQ=="
		}
	}
}
